
Microsoft Visual Studio Solution File, Format Version 12.00
# Visual Studio Version 16
VisualStudioVersion = 16.0.31402.337
MinimumVisualStudioVersion = 10.0.40219.1
Project("{151D2E53-A2C4-4D7D-83FE-D05416EBD58E}") = "AzureLogicApp", "AzureLogicApp\AzureLogicApp.deployproj", "{709747E7-D612-41B5-BF29-C12B8CADD1C7}"
EndProject
Global
	GlobalSection(SolutionConfigurationPlatforms) = preSolution
		Debug|Any CPU = Debug|Any CPU
		Release|Any CPU = Release|Any CPU
	EndGlobalSection
	GlobalSection(ProjectConfigurationPlatforms) = postSolution
		{709747E7-D612-41B5-BF29-C12B8CADD1C7}.Debug|Any CPU.ActiveCfg = Debug|Any CPU
		{709747E7-D612-41B5-BF29-C12B8CADD1C7}.Debug|Any CPU.Build.0 = Debug|Any CPU
		{709747E7-D612-41B5-BF29-C12B8CADD1C7}.Release|Any CPU.ActiveCfg = Release|Any CPU
		{709747E7-D612-41B5-BF29-C12B8CADD1C7}.Release|Any CPU.Build.0 = Release|Any CPU
	EndGlobalSection
	GlobalSection(SolutionProperties) = preSolution
		HideSolutionNode = FALSE
	EndGlobalSection
	GlobalSection(ExtensibilityGlobals) = postSolution
		SolutionGuid = {8858336F-2061-4F3E-AC7A-B58054B3075E}
	EndGlobalSection
EndGlobal
